// !$*UTF8*$!
{
	archiveVersion = 1;
	classes = {
	};
	objectVersion = 56;
	objects = {

/* Begin PBXBuildFile section */
		DC33E1162C0EFBF700B8787A /* AppDelegate.swift in Sources */ = {isa = PBXBuildFile; fileRef = DC33E1152C0EFBF700B8787A /* AppDelegate.swift */; };
		DC33E1182C0EFBF700B8787A /* SceneDelegate.swift in Sources */ = {isa = PBXBuildFile; fileRef = DC33E1172C0EFBF700B8787A /* SceneDelegate.swift */; };
		DC33E11A2C0EFBF700B8787A /* ViewController.swift in Sources */ = {isa = PBXBuildFile; fileRef = DC33E1192C0EFBF700B8787A /* ViewController.swift */; };
		DC33E11D2C0EFBF700B8787A /* Base in Resources */ = {isa = PBXBuildFile; fileRef = DC33E11C2C0EFBF700B8787A /* Base */; };
		DC33E11F2C0EFBF900B8787A /* Assets.xcassets in Resources */ = {isa = PBXBuildFile; fileRef = DC33E11E2C0EFBF900B8787A /* Assets.xcassets */; };
		DC33E1222C0EFBF900B8787A /* Base in Resources */ = {isa = PBXBuildFile; fileRef = DC33E1212C0EFBF900B8787A /* Base */; };
		DC33E12D2C0F09A200B8787A /* SettingViewController.swift in Sources */ = {isa = PBXBuildFile; fileRef = DC33E12C2C0F09A200B8787A /* SettingViewController.swift */; };
		DC33E1312C0F0B5000B8787A /* MainScreenViewController.swift in Sources */ = {isa = PBXBuildFile; fileRef = DC33E1302C0F0B5000B8787A /* MainScreenViewController.swift */; };
		DC33E1332C0F37EB00B8787A /* TabBarViewController.swift in Sources */ = {isa = PBXBuildFile; fileRef = DC33E1322C0F37EB00B8787A /* TabBarViewController.swift */; };
		DC33E1352C0F388000B8787A /* MovieListViewController.swift in Sources */ = {isa = PBXBuildFile; fileRef = DC33E1342C0F388000B8787A /* MovieListViewController.swift */; };
		DC762C252C16E9880050354F /* SnapKit in Frameworks */ = {isa = PBXBuildFile; productRef = DC762C242C16E9880050354F /* SnapKit */; };
		DC762C282C16ECE20050354F /* Alamofire in Frameworks */ = {isa = PBXBuildFile; productRef = DC762C272C16ECE20050354F /* Alamofire */; };
		DC762C2A2C16EED40050354F /* movieStruct.swift in Sources */ = {isa = PBXBuildFile; fileRef = DC762C292C16EED40050354F /* movieStruct.swift */; };
		DC762C2D2C1719A30050354F /* Kingfisher in Frameworks */ = {isa = PBXBuildFile; productRef = DC762C2C2C1719A30050354F /* Kingfisher */; };
		DCACAF4C2C16D51400D0ECD1 /* ReusableProtocol.swift in Sources */ = {isa = PBXBuildFile; fileRef = DCACAF4B2C16D51400D0ECD1 /* ReusableProtocol.swift */; };
		DCACAF4E2C16D56700D0ECD1 /* MovieListTableViewCell.swift in Sources */ = {isa = PBXBuildFile; fileRef = DCACAF4D2C16D56700D0ECD1 /* MovieListTableViewCell.swift */; };
/* End PBXBuildFile section */

/* Begin PBXFileReference section */
		DC33E1122C0EFBF700B8787A /* Movie Application.app */ = {isa = PBXFileReference; explicitFileType = wrapper.application; includeInIndex = 0; path = "Movie Application.app"; sourceTree = BUILT_PRODUCTS_DIR; };
		DC33E1152C0EFBF700B8787A /* AppDelegate.swift */ = {isa = PBXFileReference; lastKnownFileType = sourcecode.swift; path = AppDelegate.swift; sourceTree = "<group>"; };
		DC33E1172C0EFBF700B8787A /* SceneDelegate.swift */ = {isa = PBXFileReference; lastKnownFileType = sourcecode.swift; path = SceneDelegate.swift; sourceTree = "<group>"; };
		DC33E1192C0EFBF700B8787A /* ViewController.swift */ = {isa = PBXFileReference; lastKnownFileType = sourcecode.swift; path = ViewController.swift; sourceTree = "<group>"; };
		DC33E11C2C0EFBF700B8787A /* Base */ = {isa = PBXFileReference; lastKnownFileType = file.storyboard; name = Base; path = Base.lproj/Main.storyboard; sourceTree = "<group>"; };
		DC33E11E2C0EFBF900B8787A /* Assets.xcassets */ = {isa = PBXFileReference; lastKnownFileType = folder.assetcatalog; path = Assets.xcassets; sourceTree = "<group>"; };
		DC33E1212C0EFBF900B8787A /* Base */ = {isa = PBXFileReference; lastKnownFileType = file.storyboard; name = Base; path = Base.lproj/LaunchScreen.storyboard; sourceTree = "<group>"; };
		DC33E1232C0EFBF900B8787A /* Info.plist */ = {isa = PBXFileReference; lastKnownFileType = text.plist.xml; path = Info.plist; sourceTree = "<group>"; };
		DC33E12C2C0F09A200B8787A /* SettingViewController.swift */ = {isa = PBXFileReference; lastKnownFileType = sourcecode.swift; path = SettingViewController.swift; sourceTree = "<group>"; };
		DC33E1302C0F0B5000B8787A /* MainScreenViewController.swift */ = {isa = PBXFileReference; lastKnownFileType = sourcecode.swift; path = MainScreenViewController.swift; sourceTree = "<group>"; };
		DC33E1322C0F37EB00B8787A /* TabBarViewController.swift */ = {isa = PBXFileReference; lastKnownFileType = sourcecode.swift; path = TabBarViewController.swift; sourceTree = "<group>"; };
		DC33E1342C0F388000B8787A /* MovieListViewController.swift */ = {isa = PBXFileReference; lastKnownFileType = sourcecode.swift; path = MovieListViewController.swift; sourceTree = "<group>"; };
		DC762C292C16EED40050354F /* movieStruct.swift */ = {isa = PBXFileReference; lastKnownFileType = sourcecode.swift; path = movieStruct.swift; sourceTree = "<group>"; };
		DCACAF4B2C16D51400D0ECD1 /* ReusableProtocol.swift */ = {isa = PBXFileReference; lastKnownFileType = sourcecode.swift; path = ReusableProtocol.swift; sourceTree = "<group>"; };
		DCACAF4D2C16D56700D0ECD1 /* MovieListTableViewCell.swift */ = {isa = PBXFileReference; lastKnownFileType = sourcecode.swift; path = MovieListTableViewCell.swift; sourceTree = "<group>"; };
/* End PBXFileReference section */

/* Begin PBXFrameworksBuildPhase section */
		DC33E10F2C0EFBF700B8787A /* Frameworks */ = {
			isa = PBXFrameworksBuildPhase;
			buildActionMask = 2147483647;
			files = (
				DC762C2D2C1719A30050354F /* Kingfisher in Frameworks */,
				DC762C252C16E9880050354F /* SnapKit in Frameworks */,
				DC762C282C16ECE20050354F /* Alamofire in Frameworks */,
			);
			runOnlyForDeploymentPostprocessing = 0;
		};
/* End PBXFrameworksBuildPhase section */

/* Begin PBXGroup section */
		DC33E1092C0EFBF700B8787A = {
			isa = PBXGroup;
			children = (
				DC33E1142C0EFBF700B8787A /* Movie Application */,
				DC33E1132C0EFBF700B8787A /* Products */,
			);
			sourceTree = "<group>";
		};
		DC33E1132C0EFBF700B8787A /* Products */ = {
			isa = PBXGroup;
			children = (
				DC33E1122C0EFBF700B8787A /* Movie Application.app */,
			);
			name = Products;
			sourceTree = "<group>";
		};
		DC33E1142C0EFBF700B8787A /* Movie Application */ = {
			isa = PBXGroup;
			children = (
				DCACAF4F2C16D57200D0ECD1 /* stuff */,
				DC33E1152C0EFBF700B8787A /* AppDelegate.swift */,
				DC33E1172C0EFBF700B8787A /* SceneDelegate.swift */,
				DC33E1192C0EFBF700B8787A /* ViewController.swift */,
				DC33E11B2C0EFBF700B8787A /* Main.storyboard */,
				DC33E11E2C0EFBF900B8787A /* Assets.xcassets */,
				DC33E1202C0EFBF900B8787A /* LaunchScreen.storyboard */,
				DC33E1232C0EFBF900B8787A /* Info.plist */,
				DC33E1322C0F37EB00B8787A /* TabBarViewController.swift */,
				DC33E12C2C0F09A200B8787A /* SettingViewController.swift */,
				DC33E1302C0F0B5000B8787A /* MainScreenViewController.swift */,
				DC33E1342C0F388000B8787A /* MovieListViewController.swift */,
				DCACAF4D2C16D56700D0ECD1 /* MovieListTableViewCell.swift */,
			);
			path = "Movie Application";
			sourceTree = "<group>";
		};
		DCACAF4F2C16D57200D0ECD1 /* stuff */ = {
			isa = PBXGroup;
			children = (
				DCACAF4B2C16D51400D0ECD1 /* ReusableProtocol.swift */,
				DC762C292C16EED40050354F /* movieStruct.swift */,
			);
			path = stuff;
			sourceTree = "<group>";
		};
/* End PBXGroup section */

/* Begin PBXNativeTarget section */
		DC33E1112C0EFBF700B8787A /* Movie Application */ = {
			isa = PBXNativeTarget;
			buildConfigurationList = DC33E1262C0EFBF900B8787A /* Build configuration list for PBXNativeTarget "Movie Application" */;
			buildPhases = (
				DC33E10E2C0EFBF700B8787A /* Sources */,
				DC33E10F2C0EFBF700B8787A /* Frameworks */,
				DC33E1102C0EFBF700B8787A /* Resources */,
			);
			buildRules = (
			);
			dependencies = (
			);
			name = "Movie Application";
			packageProductDependencies = (
				DC762C242C16E9880050354F /* SnapKit */,
				DC762C272C16ECE20050354F /* Alamofire */,
				DC762C2C2C1719A30050354F /* Kingfisher */,
			);
			productName = "Movie Application";
			productReference = DC33E1122C0EFBF700B8787A /* Movie Application.app */;
			productType = "com.apple.product-type.application";
		};
/* End PBXNativeTarget section */

/* Begin PBXProject section */
		DC33E10A2C0EFBF700B8787A /* Project object */ = {
			isa = PBXProject;
			attributes = {
				BuildIndependentTargetsInParallel = 1;
				LastSwiftUpdateCheck = 1540;
				LastUpgradeCheck = 1540;
				TargetAttributes = {
					DC33E1112C0EFBF700B8787A = {
						CreatedOnToolsVersion = 15.4;
					};
				};
			};
			buildConfigurationList = DC33E10D2C0EFBF700B8787A /* Build configuration list for PBXProject "Movie Application" */;
			compatibilityVersion = "Xcode 14.0";
			developmentRegion = en;
			hasScannedForEncodings = 0;
			knownRegions = (
				en,
				Base,
			);
			mainGroup = DC33E1092C0EFBF700B8787A;
			packageReferences = (
				DC762C232C16E9880050354F /* XCRemoteSwiftPackageReference "SnapKit" */,
				DC762C262C16ECE20050354F /* XCRemoteSwiftPackageReference "Alamofire" */,
				DC762C2B2C1719A30050354F /* XCRemoteSwiftPackageReference "Kingfisher" */,
			);
			productRefGroup = DC33E1132C0EFBF700B8787A /* Products */;
			projectDirPath = "";
			projectRoot = "";
			targets = (
				DC33E1112C0EFBF700B8787A /* Movie Application */,
			);
		};
/* End PBXProject section */

/* Begin PBXResourcesBuildPhase section */
		DC33E1102C0EFBF700B8787A /* Resources */ = {
			isa = PBXResourcesBuildPhase;
			buildActionMask = 2147483647;
			files = (
				DC33E11F2C0EFBF900B8787A /* Assets.xcassets in Resources */,
				DC33E1222C0EFBF900B8787A /* Base in Resources */,
				DC33E11D2C0EFBF700B8787A /* Base in Resources */,
			);
			runOnlyForDeploymentPostprocessing = 0;
		};
/* End PBXResourcesBuildPhase section */

/* Begin PBXSourcesBuildPhase section */
		DC33E10E2C0EFBF700B8787A /* Sources */ = {
			isa = PBXSourcesBuildPhase;
			buildActionMask = 2147483647;
			files = (
				DC33E1312C0F0B5000B8787A /* MainScreenViewController.swift in Sources */,
				DC33E11A2C0EFBF700B8787A /* ViewController.swift in Sources */,
				DC33E1352C0F388000B8787A /* MovieListViewController.swift in Sources */,
				DC762C2A2C16EED40050354F /* movieStruct.swift in Sources */,
				DC33E1162C0EFBF700B8787A /* AppDelegate.swift in Sources */,
				DC33E1182C0EFBF700B8787A /* SceneDelegate.swift in Sources */,
				DC33E1332C0F37EB00B8787A /* TabBarViewController.swift in Sources */,
				DCACAF4C2C16D51400D0ECD1 /* ReusableProtocol.swift in Sources */,
				DCACAF4E2C16D56700D0ECD1 /* MovieListTableViewCell.swift in Sources */,
				DC33E12D2C0F09A200B8787A /* SettingViewController.swift in Sources */,
			);
			runOnlyForDeploymentPostprocessing = 0;
		};
/* End PBXSourcesBuildPhase section */

/* Begin PBXVariantGroup section */
		DC33E11B2C0EFBF700B8787A /* Main.storyboard */ = {
			isa = PBXVariantGroup;
			children = (
				DC33E11C2C0EFBF700B8787A /* Base */,
			);
			name = Main.storyboard;
			sourceTree = "<group>";
		};
		DC33E1202C0EFBF900B8787A /* LaunchScreen.storyboard */ = {
			isa = PBXVariantGroup;
			children = (
				DC33E1212C0EFBF900B8787A /* Base */,
			);
			name = LaunchScreen.storyboard;
			sourceTree = "<group>";
		};
/* End PBXVariantGroup section */

/* Begin XCBuildConfiguration section */
		DC33E1242C0EFBF900B8787A /* Debug */ = {
			isa = XCBuildConfiguration;
			buildSettings = {
				ALWAYS_SEARCH_USER_PATHS = NO;
				ASSETCATALOG_COMPILER_GENERATE_SWIFT_ASSET_SYMBOL_EXTENSIONS = YES;
				CLANG_ANALYZER_NONNULL = YES;
				CLANG_ANALYZER_NUMBER_OBJECT_CONVERSION = YES_AGGRESSIVE;
				CLANG_CXX_LANGUAGE_STANDARD = "gnu++20";
				CLANG_ENABLE_MODULES = YES;
				CLANG_ENABLE_OBJC_ARC = YES;
				CLANG_ENABLE_OBJC_WEAK = YES;
				CLANG_WARN_BLOCK_CAPTURE_AUTORELEASING = YES;
				CLANG_WARN_BOOL_CONVERSION = YES;
				CLANG_WARN_COMMA = YES;
				CLANG_WARN_CONSTANT_CONVERSION = YES;
				CLANG_WARN_DEPRECATED_OBJC_IMPLEMENTATIONS = YES;
				CLANG_WARN_DIRECT_OBJC_ISA_USAGE = YES_ERROR;
				CLANG_WARN_DOCUMENTATION_COMMENTS = YES;
				CLANG_WARN_EMPTY_BODY = YES;
				CLANG_WARN_ENUM_CONVERSION = YES;
				CLANG_WARN_INFINITE_RECURSION = YES;
				CLANG_WARN_INT_CONVERSION = YES;
				CLANG_WARN_NON_LITERAL_NULL_CONVERSION = YES;
				CLANG_WARN_OBJC_IMPLICIT_RETAIN_SELF = YES;
				CLANG_WARN_OBJC_LITERAL_CONVERSION = YES;
				CLANG_WARN_OBJC_ROOT_CLASS = YES_ERROR;
				CLANG_WARN_QUOTED_INCLUDE_IN_FRAMEWORK_HEADER = YES;
				CLANG_WARN_RANGE_LOOP_ANALYSIS = YES;
				CLANG_WARN_STRICT_PROTOTYPES = YES;
				CLANG_WARN_SUSPICIOUS_MOVE = YES;
				CLANG_WARN_UNGUARDED_AVAILABILITY = YES_AGGRESSIVE;
				CLANG_WARN_UNREACHABLE_CODE = YES;
				CLANG_WARN__DUPLICATE_METHOD_MATCH = YES;
				COPY_PHASE_STRIP = NO;
				DEBUG_INFORMATION_FORMAT = dwarf;
				ENABLE_STRICT_OBJC_MSGSEND = YES;
				ENABLE_TESTABILITY = YES;
				ENABLE_USER_SCRIPT_SANDBOXING = YES;
				GCC_C_LANGUAGE_STANDARD = gnu17;
				GCC_DYNAMIC_NO_PIC = NO;
				GCC_NO_COMMON_BLOCKS = YES;
				GCC_OPTIMIZATION_LEVEL = 0;
				GCC_PREPROCESSOR_DEFINITIONS = (
					"DEBUG=1",
					"$(inherited)",
				);
				GCC_WARN_64_TO_32_BIT_CONVERSION = YES;
				GCC_WARN_ABOUT_RETURN_TYPE = YES_ERROR;
				GCC_WARN_UNDECLARED_SELECTOR = YES;
				GCC_WARN_UNINITIALIZED_AUTOS = YES_AGGRESSIVE;
				GCC_WARN_UNUSED_FUNCTION = YES;
				GCC_WARN_UNUSED_VARIABLE = YES;
				IPHONEOS_DEPLOYMENT_TARGET = 17.5;
				LOCALIZATION_PREFERS_STRING_CATALOGS = YES;
				MTL_ENABLE_DEBUG_INFO = INCLUDE_SOURCE;
				MTL_FAST_MATH = YES;
				ONLY_ACTIVE_ARCH = YES;
				SDKROOT = iphoneos;
				SWIFT_ACTIVE_COMPILATION_CONDITIONS = "DEBUG $(inherited)";
				SWIFT_OPTIMIZATION_LEVEL = "-Onone";
			};
			name = Debug;
		};
		DC33E1252C0EFBF900B8787A /* Release */ = {
			isa = XCBuildConfiguration;
			buildSettings = {
				ALWAYS_SEARCH_USER_PATHS = NO;
				ASSETCATALOG_COMPILER_GENERATE_SWIFT_ASSET_SYMBOL_EXTENSIONS = YES;
				CLANG_ANALYZER_NONNULL = YES;
				CLANG_ANALYZER_NUMBER_OBJECT_CONVERSION = YES_AGGRESSIVE;
				CLANG_CXX_LANGUAGE_STANDARD = "gnu++20";
				CLANG_ENABLE_MODULES = YES;
				CLANG_ENABLE_OBJC_ARC = YES;
				CLANG_ENABLE_OBJC_WEAK = YES;
				CLANG_WARN_BLOCK_CAPTURE_AUTORELEASING = YES;
				CLANG_WARN_BOOL_CONVERSION = YES;
				CLANG_WARN_COMMA = YES;
				CLANG_WARN_CONSTANT_CONVERSION = YES;
				CLANG_WARN_DEPRECATED_OBJC_IMPLEMENTATIONS = YES;
				CLANG_WARN_DIRECT_OBJC_ISA_USAGE = YES_ERROR;
				CLANG_WARN_DOCUMENTATION_COMMENTS = YES;
				CLANG_WARN_EMPTY_BODY = YES;
				CLANG_WARN_ENUM_CONVERSION = YES;
				CLANG_WARN_INFINITE_RECURSION = YES;
				CLANG_WARN_INT_CONVERSION = YES;
				CLANG_WARN_NON_LITERAL_NULL_CONVERSION = YES;
				CLANG_WARN_OBJC_IMPLICIT_RETAIN_SELF = YES;
				CLANG_WARN_OBJC_LITERAL_CONVERSION = YES;
				CLANG_WARN_OBJC_ROOT_CLASS = YES_ERROR;
				CLANG_WARN_QUOTED_INCLUDE_IN_FRAMEWORK_HEADER = YES;
				CLANG_WARN_RANGE_LOOP_ANALYSIS = YES;
				CLANG_WARN_STRICT_PROTOTYPES = YES;
				CLANG_WARN_SUSPICIOUS_MOVE = YES;
				CLANG_WARN_UNGUARDED_AVAILABILITY = YES_AGGRESSIVE;
				CLANG_WARN_UNREACHABLE_CODE = YES;
				CLANG_WARN__DUPLICATE_METHOD_MATCH = YES;
				COPY_PHASE_STRIP = NO;
				DEBUG_INFORMATION_FORMAT = "dwarf-with-dsym";
				ENABLE_NS_ASSERTIONS = NO;
				ENABLE_STRICT_OBJC_MSGSEND = YES;
				ENABLE_USER_SCRIPT_SANDBOXING = YES;
				GCC_C_LANGUAGE_STANDARD = gnu17;
				GCC_NO_COMMON_BLOCKS = YES;
				GCC_WARN_64_TO_32_BIT_CONVERSION = YES;
				GCC_WARN_ABOUT_RETURN_TYPE = YES_ERROR;
				GCC_WARN_UNDECLARED_SELECTOR = YES;
				GCC_WARN_UNINITIALIZED_AUTOS = YES_AGGRESSIVE;
				GCC_WARN_UNUSED_FUNCTION = YES;
				GCC_WARN_UNUSED_VARIABLE = YES;
				IPHONEOS_DEPLOYMENT_TARGET = 17.5;
				LOCALIZATION_PREFERS_STRING_CATALOGS = YES;
				MTL_ENABLE_DEBUG_INFO = NO;
				MTL_FAST_MATH = YES;
				SDKROOT = iphoneos;
				SWIFT_COMPILATION_MODE = wholemodule;
				VALIDATE_PRODUCT = YES;
			};
			name = Release;
		};
		DC33E1272C0EFBF900B8787A /* Debug */ = {
			isa = XCBuildConfiguration;
			buildSettings = {
				ASSETCATALOG_COMPILER_APPICON_NAME = AppIcon;
				ASSETCATALOG_COMPILER_GLOBAL_ACCENT_COLOR_NAME = AccentColor;
				CODE_SIGN_STYLE = Automatic;
				CURRENT_PROJECT_VERSION = 1;
				DEVELOPMENT_TEAM = VC8Q8WBRQ3;
				GENERATE_INFOPLIST_FILE = YES;
				INFOPLIST_FILE = "Movie Application/Info.plist";
				INFOPLIST_KEY_UIApplicationSupportsIndirectInputEvents = YES;
				INFOPLIST_KEY_UILaunchStoryboardName = LaunchScreen;
				INFOPLIST_KEY_UIMainStoryboardFile = Main;
				INFOPLIST_KEY_UISupportedInterfaceOrientations = UIInterfaceOrientationPortrait;
				INFOPLIST_KEY_UISupportedInterfaceOrientations_iPad = "UIInterfaceOrientationLandscapeLeft UIInterfaceOrientationLandscapeRight UIInterfaceOrientationPortrait UIInterfaceOrientationPortraitUpsideDown";
				IPHONEOS_DEPLOYMENT_TARGET = 16.0;
				LD_RUNPATH_SEARCH_PATHS = (
					"$(inherited)",
					"@executable_path/Frameworks",
				);
				MARKETING_VERSION = 1.0;
				PRODUCT_BUNDLE_IDENTIFIER = "srkimdev.Movie-Application";
				PRODUCT_NAME = "$(TARGET_NAME)";
				SUPPORTED_PLATFORMS = "iphoneos iphonesimulator";
				SUPPORTS_MACCATALYST = NO;
				SUPPORTS_MAC_DESIGNED_FOR_IPHONE_IPAD = NO;
				SUPPORTS_XR_DESIGNED_FOR_IPHONE_IPAD = NO;
				SWIFT_EMIT_LOC_STRINGS = YES;
				SWIFT_VERSION = 5.0;
				TARGETED_DEVICE_FAMILY = 1;
			};
			name = Debug;
		};
		DC33E1282C0EFBF900B8787A /* Release */ = {
			isa = XCBuildConfiguration;
			buildSettings = {
				ASSETCATALOG_COMPILER_APPICON_NAME = AppIcon;
				ASSETCATALOG_COMPILER_GLOBAL_ACCENT_COLOR_NAME = AccentColor;
				CODE_SIGN_STYLE = Automatic;
				CURRENT_PROJECT_VERSION = 1;
				DEVELOPMENT_TEAM = VC8Q8WBRQ3;
				GENERATE_INFOPLIST_FILE = YES;
				INFOPLIST_FILE = "Movie Application/Info.plist";
				INFOPLIST_KEY_UIApplicationSupportsIndirectInputEvents = YES;
				INFOPLIST_KEY_UILaunchStoryboardName = LaunchScreen;
				INFOPLIST_KEY_UIMainStoryboardFile = Main;
				INFOPLIST_KEY_UISupportedInterfaceOrientations = UIInterfaceOrientationPortrait;
				INFOPLIST_KEY_UISupportedInterfaceOrientations_iPad = "UIInterfaceOrientationLandscapeLeft UIInterfaceOrientationLandscapeRight UIInterfaceOrientationPortrait UIInterfaceOrientationPortraitUpsideDown";
				IPHONEOS_DEPLOYMENT_TARGET = 16.0;
				LD_RUNPATH_SEARCH_PATHS = (
					"$(inherited)",
					"@executable_path/Frameworks",
				);
				MARKETING_VERSION = 1.0;
				PRODUCT_BUNDLE_IDENTIFIER = "srkimdev.Movie-Application";
				PRODUCT_NAME = "$(TARGET_NAME)";
				SUPPORTED_PLATFORMS = "iphoneos iphonesimulator";
				SUPPORTS_MACCATALYST = NO;
				SUPPORTS_MAC_DESIGNED_FOR_IPHONE_IPAD = NO;
				SUPPORTS_XR_DESIGNED_FOR_IPHONE_IPAD = NO;
				SWIFT_EMIT_LOC_STRINGS = YES;
				SWIFT_VERSION = 5.0;
				TARGETED_DEVICE_FAMILY = 1;
			};
			name = Release;
		};
/* End XCBuildConfiguration section */

/* Begin XCConfigurationList section */
		DC33E10D2C0EFBF700B8787A /* Build configuration list for PBXProject "Movie Application" */ = {
			isa = XCConfigurationList;
			buildConfigurations = (
				DC33E1242C0EFBF900B8787A /* Debug */,
				DC33E1252C0EFBF900B8787A /* Release */,
			);
			defaultConfigurationIsVisible = 0;
			defaultConfigurationName = Release;
		};
		DC33E1262C0EFBF900B8787A /* Build configuration list for PBXNativeTarget "Movie Application" */ = {
			isa = XCConfigurationList;
			buildConfigurations = (
				DC33E1272C0EFBF900B8787A /* Debug */,
				DC33E1282C0EFBF900B8787A /* Release */,
			);
			defaultConfigurationIsVisible = 0;
			defaultConfigurationName = Release;
		};
/* End XCConfigurationList section */

/* Begin XCRemoteSwiftPackageReference section */
		DC762C232C16E9880050354F /* XCRemoteSwiftPackageReference "SnapKit" */ = {
			isa = XCRemoteSwiftPackageReference;
			repositoryURL = "https://github.com/SnapKit/SnapKit.git";
			requirement = {
				kind = upToNextMajorVersion;
				minimumVersion = 5.7.1;
			};
		};
		DC762C262C16ECE20050354F /* XCRemoteSwiftPackageReference "Alamofire" */ = {
			isa = XCRemoteSwiftPackageReference;
			repositoryURL = "https://github.com/Alamofire/Alamofire.git";
			requirement = {
				kind = upToNextMajorVersion;
				minimumVersion = 5.9.1;
			};
		};
		DC762C2B2C1719A30050354F /* XCRemoteSwiftPackageReference "Kingfisher" */ = {
			isa = XCRemoteSwiftPackageReference;
			repositoryURL = "https://github.com/onevcat/Kingfisher.git";
			requirement = {
				kind = upToNextMajorVersion;
				minimumVersion = 7.11.0;
			};
		};
/* End XCRemoteSwiftPackageReference section */

/* Begin XCSwiftPackageProductDependency section */
		DC762C242C16E9880050354F /* SnapKit */ = {
			isa = XCSwiftPackageProductDependency;
			package = DC762C232C16E9880050354F /* XCRemoteSwiftPackageReference "SnapKit" */;
			productName = SnapKit;
		};
		DC762C272C16ECE20050354F /* Alamofire */ = {
			isa = XCSwiftPackageProductDependency;
			package = DC762C262C16ECE20050354F /* XCRemoteSwiftPackageReference "Alamofire" */;
			productName = Alamofire;
		};
		DC762C2C2C1719A30050354F /* Kingfisher */ = {
			isa = XCSwiftPackageProductDependency;
			package = DC762C2B2C1719A30050354F /* XCRemoteSwiftPackageReference "Kingfisher" */;
			productName = Kingfisher;
		};
/* End XCSwiftPackageProductDependency section */
	};
	rootObject = DC33E10A2C0EFBF700B8787A /* Project object */;
}
